<?xml version="1.0" encoding="UTF-8" standalone="yes" ?>
<CodeBlocks_project_file>
	<FileVersion major="1" minor="6" />
	<Project>
		<Option title="practico_listas_monos" />
		<Option pch_mode="2" />
		<Option compiler="gcc" />
		<Build>
			<Target title="Debug">
				<Option output="bin/Debug/practico_listas_monos" prefix_auto="1" extension_auto="1" />
				<Option object_output="obj/Debug/" />
				<Option type="1" />
				<Option compiler="gcc" />
				<Compiler>
					<Add option="-g" />
				</Compiler>
			</Target>
			<Target title="Release">
				<Option output="bin/Release/practico_listas_monos" prefix_auto="1" extension_auto="1" />
				<Option object_output="obj/Release/" />
				<Option type="1" />
				<Option compiler="gcc" />
				<Compiler>
					<Add option="-O2" />
				</Compiler>
				<Linker>
					<Add option="-s" />
				</Linker>
			</Target>
		</Build>
		<Compiler>
			<Add option="-Wall" />
			<Add option="-fexceptions" />
		</Compiler>
		<Unit filename="lib/agregar_frente.hpp" />
		<Unit filename="lib/avanzar.hpp" />
		<Unit filename="lib/buscar.hpp" />
		<Unit filename="lib/eliminar_frente.hpp" />
		<Unit filename="lib/eliminar_lista.hpp" />
		<Unit filename="lib/eliminar_nodo.hpp" />
		<Unit filename="lib/eliminar_valor.hpp" />
		<Unit filename="lib/lista_es_vacia.hpp" />
		<Unit filename="lib/lugar.hpp" />
		<Unit filename="lib/mostrar_lista.hpp" />
		<Unit filename="lib/nodo.hpp" />
		<Unit filename="lib/ocurrencias.hpp" />
		<Unit filename="main.cpp" />
		<Extensions>
			<code_completion />
			<debugger />
			<envvars />
		</Extensions>
	</Project>
</CodeBlocks_project_file>
